// !$*UTF8*$!
{
	archiveVersion = 1;
	classes = {
	};
	objectVersion = 50;
	objects = {

/* Begin PBXBuildFile section */
		5A39DE6D213D306100A2C252 /* SGBaseTableViewController.m in Sources */ = {isa = PBXBuildFile; fileRef = 5A39DE6C213D306100A2C252 /* SGBaseTableViewController.m */; };
		5A54E1502137C9A300BEF88C /* SGBaseRefresh.m in Sources */ = {isa = PBXBuildFile; fileRef = 5A54E14F2137C9A300BEF88C /* SGBaseRefresh.m */; };
		5A54E17E2137C9B700BEF88C /* UIScrollView+MJRefresh.m in Sources */ = {isa = PBXBuildFile; fileRef = 5A54E1522137C9B700BEF88C /* UIScrollView+MJRefresh.m */; };
		5A54E17F2137C9B700BEF88C /* MJRefreshConst.m in Sources */ = {isa = PBXBuildFile; fileRef = 5A54E1532137C9B700BEF88C /* MJRefreshConst.m */; };
		5A54E1802137C9B700BEF88C /* MJRefresh.bundle in Resources */ = {isa = PBXBuildFile; fileRef = 5A54E1562137C9B700BEF88C /* MJRefresh.bundle */; };
		5A54E1812137C9B700BEF88C /* UIScrollView+MJExtension.m in Sources */ = {isa = PBXBuildFile; fileRef = 5A54E1582137C9B700BEF88C /* UIScrollView+MJExtension.m */; };
		5A54E1822137C9B700BEF88C /* UIView+MJExtension.m in Sources */ = {isa = PBXBuildFile; fileRef = 5A54E15B2137C9B700BEF88C /* UIView+MJExtension.m */; };
		5A54E1832137C9B700BEF88C /* MJRefreshBackGifFooter.m in Sources */ = {isa = PBXBuildFile; fileRef = 5A54E1622137C9B700BEF88C /* MJRefreshBackGifFooter.m */; };
		5A54E1842137C9B700BEF88C /* MJRefreshBackStateFooter.m in Sources */ = {isa = PBXBuildFile; fileRef = 5A54E1632137C9B700BEF88C /* MJRefreshBackStateFooter.m */; };
		5A54E1852137C9B700BEF88C /* MJRefreshBackNormalFooter.m in Sources */ = {isa = PBXBuildFile; fileRef = 5A54E1642137C9B700BEF88C /* MJRefreshBackNormalFooter.m */; };
		5A54E1862137C9B700BEF88C /* MJRefreshAutoStateFooter.m in Sources */ = {isa = PBXBuildFile; fileRef = 5A54E1692137C9B700BEF88C /* MJRefreshAutoStateFooter.m */; };
		5A54E1872137C9B700BEF88C /* MJRefreshAutoGifFooter.m in Sources */ = {isa = PBXBuildFile; fileRef = 5A54E16A2137C9B700BEF88C /* MJRefreshAutoGifFooter.m */; };
		5A54E1882137C9B700BEF88C /* MJRefreshAutoNormalFooter.m in Sources */ = {isa = PBXBuildFile; fileRef = 5A54E16B2137C9B700BEF88C /* MJRefreshAutoNormalFooter.m */; };
		5A54E1892137C9B700BEF88C /* MJRefreshNormalHeader.m in Sources */ = {isa = PBXBuildFile; fileRef = 5A54E16D2137C9B700BEF88C /* MJRefreshNormalHeader.m */; };
		5A54E18A2137C9B700BEF88C /* MJRefreshStateHeader.m in Sources */ = {isa = PBXBuildFile; fileRef = 5A54E1712137C9B700BEF88C /* MJRefreshStateHeader.m */; };
		5A54E18B2137C9B700BEF88C /* MJRefreshGifHeader.m in Sources */ = {isa = PBXBuildFile; fileRef = 5A54E1722137C9B700BEF88C /* MJRefreshGifHeader.m */; };
		5A54E18C2137C9B700BEF88C /* MJRefreshFooter.m in Sources */ = {isa = PBXBuildFile; fileRef = 5A54E1742137C9B700BEF88C /* MJRefreshFooter.m */; };
		5A54E18D2137C9B700BEF88C /* MJRefreshHeader.m in Sources */ = {isa = PBXBuildFile; fileRef = 5A54E1762137C9B700BEF88C /* MJRefreshHeader.m */; };
		5A54E18E2137C9B700BEF88C /* MJRefreshBackFooter.m in Sources */ = {isa = PBXBuildFile; fileRef = 5A54E1782137C9B700BEF88C /* MJRefreshBackFooter.m */; };
		5A54E18F2137C9B700BEF88C /* MJRefreshAutoFooter.m in Sources */ = {isa = PBXBuildFile; fileRef = 5A54E1792137C9B700BEF88C /* MJRefreshAutoFooter.m */; };
		5A54E1902137C9B700BEF88C /* MJRefreshComponent.m in Sources */ = {isa = PBXBuildFile; fileRef = 5A54E17B2137C9B700BEF88C /* MJRefreshComponent.m */; };
		5AF82C8321368C1E00640C94 /* UITextView+SGExtension.m in Sources */ = {isa = PBXBuildFile; fileRef = 5AF82C8021368C1D00640C94 /* UITextView+SGExtension.m */; };
		5AF82C8421368C1E00640C94 /* UITextField+SGExtension.m in Sources */ = {isa = PBXBuildFile; fileRef = 5AF82C8221368C1D00640C94 /* UITextField+SGExtension.m */; };
		5AF82C88213691A300640C94 /* SGBaseTabBarController.m in Sources */ = {isa = PBXBuildFile; fileRef = 5AF82C87213691A300640C94 /* SGBaseTabBarController.m */; };
		5AF82C8B213695B000640C94 /* UIImage+SGExtension.m in Sources */ = {isa = PBXBuildFile; fileRef = 5AF82C8A213695B000640C94 /* UIImage+SGExtension.m */; };
		E8218A032136527200AD89A1 /* AppDelegate.m in Sources */ = {isa = PBXBuildFile; fileRef = E8218A022136527200AD89A1 /* AppDelegate.m */; };
		E8218A062136527200AD89A1 /* ViewController.m in Sources */ = {isa = PBXBuildFile; fileRef = E8218A052136527200AD89A1 /* ViewController.m */; };
		E8218A092136527200AD89A1 /* Main.storyboard in Resources */ = {isa = PBXBuildFile; fileRef = E8218A072136527200AD89A1 /* Main.storyboard */; };
		E8218A0B2136527400AD89A1 /* Assets.xcassets in Resources */ = {isa = PBXBuildFile; fileRef = E8218A0A2136527400AD89A1 /* Assets.xcassets */; };
		E8218A0E2136527400AD89A1 /* LaunchScreen.storyboard in Resources */ = {isa = PBXBuildFile; fileRef = E8218A0C2136527400AD89A1 /* LaunchScreen.storyboard */; };
		E8218A112136527400AD89A1 /* main.m in Sources */ = {isa = PBXBuildFile; fileRef = E8218A102136527400AD89A1 /* main.m */; };
		E8218A36213652F000AD89A1 /* SGAppHelper.m in Sources */ = {isa = PBXBuildFile; fileRef = E8218A2C213652EF00AD89A1 /* SGAppHelper.m */; };
		E8218A37213652F000AD89A1 /* SGBaseViewController.m in Sources */ = {isa = PBXBuildFile; fileRef = E8218A2F213652EF00AD89A1 /* SGBaseViewController.m */; };
		E8218A38213652F000AD89A1 /* SGBaseNavigationController.m in Sources */ = {isa = PBXBuildFile; fileRef = E8218A32213652EF00AD89A1 /* SGBaseNavigationController.m */; };
		E8218A39213652F000AD89A1 /* UIColor+SGExtension.m in Sources */ = {isa = PBXBuildFile; fileRef = E8218A34213652EF00AD89A1 /* UIColor+SGExtension.m */; };
		E8218A3A213652F000AD89A1 /* UIView+SGExtension.m in Sources */ = {isa = PBXBuildFile; fileRef = E8218A35213652EF00AD89A1 /* UIView+SGExtension.m */; };
		E8218A51213656DA00AD89A1 /* SGBaseNetTool.m in Sources */ = {isa = PBXBuildFile; fileRef = E8218A3F213656DA00AD89A1 /* SGBaseNetTool.m */; };
		E8218A52213656DA00AD89A1 /* SGNetStatusManager.m in Sources */ = {isa = PBXBuildFile; fileRef = E8218A40213656DA00AD89A1 /* SGNetStatusManager.m */; };
		E8218A53213656DA00AD89A1 /* AFURLResponseSerialization.m in Sources */ = {isa = PBXBuildFile; fileRef = E8218A46213656DA00AD89A1 /* AFURLResponseSerialization.m */; };
		E8218A54213656DA00AD89A1 /* AFHTTPSessionManager.m in Sources */ = {isa = PBXBuildFile; fileRef = E8218A47213656DA00AD89A1 /* AFHTTPSessionManager.m */; };
		E8218A55213656DA00AD89A1 /* AFURLSessionManager.m in Sources */ = {isa = PBXBuildFile; fileRef = E8218A49213656DA00AD89A1 /* AFURLSessionManager.m */; };
		E8218A56213656DA00AD89A1 /* AFURLRequestSerialization.m in Sources */ = {isa = PBXBuildFile; fileRef = E8218A4A213656DA00AD89A1 /* AFURLRequestSerialization.m */; };
		E8218A57213656DA00AD89A1 /* AFNetworkReachabilityManager.m in Sources */ = {isa = PBXBuildFile; fileRef = E8218A4C213656DA00AD89A1 /* AFNetworkReachabilityManager.m */; };
		E8218A58213656DA00AD89A1 /* AFSecurityPolicy.m in Sources */ = {isa = PBXBuildFile; fileRef = E8218A4D213656DA00AD89A1 /* AFSecurityPolicy.m */; };
		E8218A59213656DA00AD89A1 /* SGNetTool.m in Sources */ = {isa = PBXBuildFile; fileRef = E8218A50213656DA00AD89A1 /* SGNetTool.m */; };
		E8218A682136660200AD89A1 /* SGDialog.m in Sources */ = {isa = PBXBuildFile; fileRef = E8218A5B2136660200AD89A1 /* SGDialog.m */; };
		E8218A692136660200AD89A1 /* SVRadialGradientLayer.m in Sources */ = {isa = PBXBuildFile; fileRef = E8218A5D2136660200AD89A1 /* SVRadialGradientLayer.m */; };
		E8218A6A2136660200AD89A1 /* SVProgressAnimatedView.m in Sources */ = {isa = PBXBuildFile; fileRef = E8218A602136660200AD89A1 /* SVProgressAnimatedView.m */; };
		E8218A6B2136660200AD89A1 /* SVProgressHUD.m in Sources */ = {isa = PBXBuildFile; fileRef = E8218A632136660200AD89A1 /* SVProgressHUD.m */; };
		E8218A6C2136660200AD89A1 /* SVIndefiniteAnimatedView.m in Sources */ = {isa = PBXBuildFile; fileRef = E8218A642136660200AD89A1 /* SVIndefiniteAnimatedView.m */; };
		E8218A6D2136660200AD89A1 /* SVProgressHUD.bundle in Resources */ = {isa = PBXBuildFile; fileRef = E8218A652136660200AD89A1 /* SVProgressHUD.bundle */; };
/* End PBXBuildFile section */

/* Begin PBXFileReference section */
		5A39DE6B213D306100A2C252 /* SGBaseTableViewController.h */ = {isa = PBXFileReference; lastKnownFileType = sourcecode.c.h; path = SGBaseTableViewController.h; sourceTree = "<group>"; };
		5A39DE6C213D306100A2C252 /* SGBaseTableViewController.m */ = {isa = PBXFileReference; lastKnownFileType = sourcecode.c.objc; path = SGBaseTableViewController.m; sourceTree = "<group>"; };
		5A54E14E2137C9A300BEF88C /* SGBaseRefresh.h */ = {isa = PBXFileReference; lastKnownFileType = sourcecode.c.h; path = SGBaseRefresh.h; sourceTree = "<group>"; };
		5A54E14F2137C9A300BEF88C /* SGBaseRefresh.m */ = {isa = PBXFileReference; lastKnownFileType = sourcecode.c.objc; path = SGBaseRefresh.m; sourceTree = "<group>"; };
		5A54E1522137C9B700BEF88C /* UIScrollView+MJRefresh.m */ = {isa = PBXFileReference; fileEncoding = 4; lastKnownFileType = sourcecode.c.objc; path = "UIScrollView+MJRefresh.m"; sourceTree = "<group>"; };
		5A54E1532137C9B700BEF88C /* MJRefreshConst.m */ = {isa = PBXFileReference; fileEncoding = 4; lastKnownFileType = sourcecode.c.objc; path = MJRefreshConst.m; sourceTree = "<group>"; };
		5A54E1542137C9B700BEF88C /* UIScrollView+MJExtension.h */ = {isa = PBXFileReference; fileEncoding = 4; lastKnownFileType = sourcecode.c.h; path = "UIScrollView+MJExtension.h"; sourceTree = "<group>"; };
		5A54E1552137C9B700BEF88C /* MJRefresh.h */ = {isa = PBXFileReference; fileEncoding = 4; lastKnownFileType = sourcecode.c.h; path = MJRefresh.h; sourceTree = "<group>"; };
		5A54E1562137C9B700BEF88C /* MJRefresh.bundle */ = {isa = PBXFileReference; lastKnownFileType = "wrapper.plug-in"; path = MJRefresh.bundle; sourceTree = "<group>"; };
		5A54E1572137C9B700BEF88C /* UIView+MJExtension.h */ = {isa = PBXFileReference; fileEncoding = 4; lastKnownFileType = sourcecode.c.h; path = "UIView+MJExtension.h"; sourceTree = "<group>"; };
		5A54E1582137C9B700BEF88C /* UIScrollView+MJExtension.m */ = {isa = PBXFileReference; fileEncoding = 4; lastKnownFileType = sourcecode.c.objc; path = "UIScrollView+MJExtension.m"; sourceTree = "<group>"; };
		5A54E1592137C9B700BEF88C /* MJRefreshConst.h */ = {isa = PBXFileReference; fileEncoding = 4; lastKnownFileType = sourcecode.c.h; path = MJRefreshConst.h; sourceTree = "<group>"; };
		5A54E15A2137C9B700BEF88C /* UIScrollView+MJRefresh.h */ = {isa = PBXFileReference; fileEncoding = 4; lastKnownFileType = sourcecode.c.h; path = "UIScrollView+MJRefresh.h"; sourceTree = "<group>"; };
		5A54E15B2137C9B700BEF88C /* UIView+MJExtension.m */ = {isa = PBXFileReference; fileEncoding = 4; lastKnownFileType = sourcecode.c.objc; path = "UIView+MJExtension.m"; sourceTree = "<group>"; };
		5A54E15F2137C9B700BEF88C /* MJRefreshBackGifFooter.h */ = {isa = PBXFileReference; fileEncoding = 4; lastKnownFileType = sourcecode.c.h; path = MJRefreshBackGifFooter.h; sourceTree = "<group>"; };
		5A54E1602137C9B700BEF88C /* MJRefreshBackStateFooter.h */ = {isa = PBXFileReference; fileEncoding = 4; lastKnownFileType = sourcecode.c.h; path = MJRefreshBackStateFooter.h; sourceTree = "<group>"; };
		5A54E1612137C9B700BEF88C /* MJRefreshBackNormalFooter.h */ = {isa = PBXFileReference; fileEncoding = 4; lastKnownFileType = sourcecode.c.h; path = MJRefreshBackNormalFooter.h; sourceTree = "<group>"; };
		5A54E1622137C9B700BEF88C /* MJRefreshBackGifFooter.m */ = {isa = PBXFileReference; fileEncoding = 4; lastKnownFileType = sourcecode.c.objc; path = MJRefreshBackGifFooter.m; sourceTree = "<group>"; };
		5A54E1632137C9B700BEF88C /* MJRefreshBackStateFooter.m */ = {isa = PBXFileReference; fileEncoding = 4; lastKnownFileType = sourcecode.c.objc; path = MJRefreshBackStateFooter.m; sourceTree = "<group>"; };
		5A54E1642137C9B700BEF88C /* MJRefreshBackNormalFooter.m */ = {isa = PBXFileReference; fileEncoding = 4; lastKnownFileType = sourcecode.c.objc; path = MJRefreshBackNormalFooter.m; sourceTree = "<group>"; };
		5A54E1662137C9B700BEF88C /* MJRefreshAutoStateFooter.h */ = {isa = PBXFileReference; fileEncoding = 4; lastKnownFileType = sourcecode.c.h; path = MJRefreshAutoStateFooter.h; sourceTree = "<group>"; };
		5A54E1672137C9B700BEF88C /* MJRefreshAutoNormalFooter.h */ = {isa = PBXFileReference; fileEncoding = 4; lastKnownFileType = sourcecode.c.h; path = MJRefreshAutoNormalFooter.h; sourceTree = "<group>"; };
		5A54E1682137C9B700BEF88C /* MJRefreshAutoGifFooter.h */ = {isa = PBXFileReference; fileEncoding = 4; lastKnownFileType = sourcecode.c.h; path = MJRefreshAutoGifFooter.h; sourceTree = "<group>"; };
		5A54E1692137C9B700BEF88C /* MJRefreshAutoStateFooter.m */ = {isa = PBXFileReference; fileEncoding = 4; lastKnownFileType = sourcecode.c.objc; path = MJRefreshAutoStateFooter.m; sourceTree = "<group>"; };
		5A54E16A2137C9B700BEF88C /* MJRefreshAutoGifFooter.m */ = {isa = PBXFileReference; fileEncoding = 4; lastKnownFileType = sourcecode.c.objc; path = MJRefreshAutoGifFooter.m; sourceTree = "<group>"; };
		5A54E16B2137C9B700BEF88C /* MJRefreshAutoNormalFooter.m */ = {isa = PBXFileReference; fileEncoding = 4; lastKnownFileType = sourcecode.c.objc; path = MJRefreshAutoNormalFooter.m; sourceTree = "<group>"; };
		5A54E16D2137C9B700BEF88C /* MJRefreshNormalHeader.m */ = {isa = PBXFileReference; fileEncoding = 4; lastKnownFileType = sourcecode.c.objc; path = MJRefreshNormalHeader.m; sourceTree = "<group>"; };
		5A54E16E2137C9B700BEF88C /* MJRefreshStateHeader.h */ = {isa = PBXFileReference; fileEncoding = 4; lastKnownFileType = sourcecode.c.h; path = MJRefreshStateHeader.h; sourceTree = "<group>"; };
		5A54E16F2137C9B700BEF88C /* MJRefreshGifHeader.h */ = {isa = PBXFileReference; fileEncoding = 4; lastKnownFileType = sourcecode.c.h; path = MJRefreshGifHeader.h; sourceTree = "<group>"; };
		5A54E1702137C9B700BEF88C /* MJRefreshNormalHeader.h */ = {isa = PBXFileReference; fileEncoding = 4; lastKnownFileType = sourcecode.c.h; path = MJRefreshNormalHeader.h; sourceTree = "<group>"; };
		5A54E1712137C9B700BEF88C /* MJRefreshStateHeader.m */ = {isa = PBXFileReference; fileEncoding = 4; lastKnownFileType = sourcecode.c.objc; path = MJRefreshStateHeader.m; sourceTree = "<group>"; };
		5A54E1722137C9B700BEF88C /* MJRefreshGifHeader.m */ = {isa = PBXFileReference; fileEncoding = 4; lastKnownFileType = sourcecode.c.objc; path = MJRefreshGifHeader.m; sourceTree = "<group>"; };
		5A54E1742137C9B700BEF88C /* MJRefreshFooter.m */ = {isa = PBXFileReference; fileEncoding = 4; lastKnownFileType = sourcecode.c.objc; path = MJRefreshFooter.m; sourceTree = "<group>"; };
		5A54E1752137C9B700BEF88C /* MJRefreshComponent.h */ = {isa = PBXFileReference; fileEncoding = 4; lastKnownFileType = sourcecode.c.h; path = MJRefreshComponent.h; sourceTree = "<group>"; };
		5A54E1762137C9B700BEF88C /* MJRefreshHeader.m */ = {isa = PBXFileReference; fileEncoding = 4; lastKnownFileType = sourcecode.c.objc; path = MJRefreshHeader.m; sourceTree = "<group>"; };
		5A54E1772137C9B700BEF88C /* MJRefreshAutoFooter.h */ = {isa = PBXFileReference; fileEncoding = 4; lastKnownFileType = sourcecode.c.h; path = MJRefreshAutoFooter.h; sourceTree = "<group>"; };
		5A54E1782137C9B700BEF88C /* MJRefreshBackFooter.m */ = {isa = PBXFileReference; fileEncoding = 4; lastKnownFileType = sourcecode.c.objc; path = MJRefreshBackFooter.m; sourceTree = "<group>"; };
		5A54E1792137C9B700BEF88C /* MJRefreshAutoFooter.m */ = {isa = PBXFileReference; fileEncoding = 4; lastKnownFileType = sourcecode.c.objc; path = MJRefreshAutoFooter.m; sourceTree = "<group>"; };
		5A54E17A2137C9B700BEF88C /* MJRefreshHeader.h */ = {isa = PBXFileReference; fileEncoding = 4; lastKnownFileType = sourcecode.c.h; path = MJRefreshHeader.h; sourceTree = "<group>"; };
		5A54E17B2137C9B700BEF88C /* MJRefreshComponent.m */ = {isa = PBXFileReference; fileEncoding = 4; lastKnownFileType = sourcecode.c.objc; path = MJRefreshComponent.m; sourceTree = "<group>"; };
		5A54E17C2137C9B700BEF88C /* MJRefreshFooter.h */ = {isa = PBXFileReference; fileEncoding = 4; lastKnownFileType = sourcecode.c.h; path = MJRefreshFooter.h; sourceTree = "<group>"; };
		5A54E17D2137C9B700BEF88C /* MJRefreshBackFooter.h */ = {isa = PBXFileReference; fileEncoding = 4; lastKnownFileType = sourcecode.c.h; path = MJRefreshBackFooter.h; sourceTree = "<group>"; };
		5AF82C7F21368C1C00640C94 /* UITextField+SGExtension.h */ = {isa = PBXFileReference; fileEncoding = 4; lastKnownFileType = sourcecode.c.h; path = "UITextField+SGExtension.h"; sourceTree = "<group>"; };
		5AF82C8021368C1D00640C94 /* UITextView+SGExtension.m */ = {isa = PBXFileReference; fileEncoding = 4; lastKnownFileType = sourcecode.c.objc; path = "UITextView+SGExtension.m"; sourceTree = "<group>"; };
		5AF82C8121368C1D00640C94 /* UITextView+SGExtension.h */ = {isa = PBXFileReference; fileEncoding = 4; lastKnownFileType = sourcecode.c.h; path = "UITextView+SGExtension.h"; sourceTree = "<group>"; };
		5AF82C8221368C1D00640C94 /* UITextField+SGExtension.m */ = {isa = PBXFileReference; fileEncoding = 4; lastKnownFileType = sourcecode.c.objc; path = "UITextField+SGExtension.m"; sourceTree = "<group>"; };
		5AF82C86213691A300640C94 /* SGBaseTabBarController.h */ = {isa = PBXFileReference; lastKnownFileType = sourcecode.c.h; path = SGBaseTabBarController.h; sourceTree = "<group>"; };
		5AF82C87213691A300640C94 /* SGBaseTabBarController.m */ = {isa = PBXFileReference; lastKnownFileType = sourcecode.c.objc; path = SGBaseTabBarController.m; sourceTree = "<group>"; };
		5AF82C89213695B000640C94 /* UIImage+SGExtension.h */ = {isa = PBXFileReference; lastKnownFileType = sourcecode.c.h; path = "UIImage+SGExtension.h"; sourceTree = "<group>"; };
		5AF82C8A213695B000640C94 /* UIImage+SGExtension.m */ = {isa = PBXFileReference; lastKnownFileType = sourcecode.c.objc; path = "UIImage+SGExtension.m"; sourceTree = "<group>"; };
		E82189FE2136527200AD89A1 /* SGBase.app */ = {isa = PBXFileReference; explicitFileType = wrapper.application; includeInIndex = 0; path = SGBase.app; sourceTree = BUILT_PRODUCTS_DIR; };
		E8218A012136527200AD89A1 /* AppDelegate.h */ = {isa = PBXFileReference; lastKnownFileType = sourcecode.c.h; path = AppDelegate.h; sourceTree = "<group>"; };
		E8218A022136527200AD89A1 /* AppDelegate.m */ = {isa = PBXFileReference; lastKnownFileType = sourcecode.c.objc; path = AppDelegate.m; sourceTree = "<group>"; };
		E8218A042136527200AD89A1 /* ViewController.h */ = {isa = PBXFileReference; lastKnownFileType = sourcecode.c.h; path = ViewController.h; sourceTree = "<group>"; };
		E8218A052136527200AD89A1 /* ViewController.m */ = {isa = PBXFileReference; lastKnownFileType = sourcecode.c.objc; path = ViewController.m; sourceTree = "<group>"; };
		E8218A082136527200AD89A1 /* Base */ = {isa = PBXFileReference; lastKnownFileType = file.storyboard; name = Base; path = Base.lproj/Main.storyboard; sourceTree = "<group>"; };
		E8218A0A2136527400AD89A1 /* Assets.xcassets */ = {isa = PBXFileReference; lastKnownFileType = folder.assetcatalog; path = Assets.xcassets; sourceTree = "<group>"; };
		E8218A0D2136527400AD89A1 /* Base */ = {isa = PBXFileReference; lastKnownFileType = file.storyboard; name = Base; path = Base.lproj/LaunchScreen.storyboard; sourceTree = "<group>"; };
		E8218A0F2136527400AD89A1 /* Info.plist */ = {isa = PBXFileReference; lastKnownFileType = text.plist.xml; path = Info.plist; sourceTree = "<group>"; };
		E8218A102136527400AD89A1 /* main.m */ = {isa = PBXFileReference; lastKnownFileType = sourcecode.c.objc; path = main.m; sourceTree = "<group>"; };
		E8218A2A213652EF00AD89A1 /* SGBaseViewController.h */ = {isa = PBXFileReference; fileEncoding = 4; lastKnownFileType = sourcecode.c.h; path = SGBaseViewController.h; sourceTree = "<group>"; };
		E8218A2B213652EF00AD89A1 /* SGBaseMacro.h */ = {isa = PBXFileReference; fileEncoding = 4; lastKnownFileType = sourcecode.c.h; path = SGBaseMacro.h; sourceTree = "<group>"; };
		E8218A2C213652EF00AD89A1 /* SGAppHelper.m */ = {isa = PBXFileReference; fileEncoding = 4; lastKnownFileType = sourcecode.c.objc; path = SGAppHelper.m; sourceTree = "<group>"; };
		E8218A2D213652EF00AD89A1 /* SGBase.h */ = {isa = PBXFileReference; fileEncoding = 4; lastKnownFileType = sourcecode.c.h; path = SGBase.h; sourceTree = "<group>"; };
		E8218A2E213652EF00AD89A1 /* SGBaseNavigationController.h */ = {isa = PBXFileReference; fileEncoding = 4; lastKnownFileType = sourcecode.c.h; path = SGBaseNavigationController.h; sourceTree = "<group>"; };
		E8218A2F213652EF00AD89A1 /* SGBaseViewController.m */ = {isa = PBXFileReference; fileEncoding = 4; lastKnownFileType = sourcecode.c.objc; path = SGBaseViewController.m; sourceTree = "<group>"; };
		E8218A30213652EF00AD89A1 /* UIColor+SGExtension.h */ = {isa = PBXFileReference; fileEncoding = 4; lastKnownFileType = sourcecode.c.h; path = "UIColor+SGExtension.h"; sourceTree = "<group>"; };
		E8218A31213652EF00AD89A1 /* UIView+SGExtension.h */ = {isa = PBXFileReference; fileEncoding = 4; lastKnownFileType = sourcecode.c.h; path = "UIView+SGExtension.h"; sourceTree = "<group>"; };
		E8218A32213652EF00AD89A1 /* SGBaseNavigationController.m */ = {isa = PBXFileReference; fileEncoding = 4; lastKnownFileType = sourcecode.c.objc; path = SGBaseNavigationController.m; sourceTree = "<group>"; };
		E8218A33213652EF00AD89A1 /* SGAppHelper.h */ = {isa = PBXFileReference; fileEncoding = 4; lastKnownFileType = sourcecode.c.h; path = SGAppHelper.h; sourceTree = "<group>"; };
		E8218A34213652EF00AD89A1 /* UIColor+SGExtension.m */ = {isa = PBXFileReference; fileEncoding = 4; lastKnownFileType = sourcecode.c.objc; path = "UIColor+SGExtension.m"; sourceTree = "<group>"; };
		E8218A35213652EF00AD89A1 /* UIView+SGExtension.m */ = {isa = PBXFileReference; fileEncoding = 4; lastKnownFileType = sourcecode.c.objc; path = "UIView+SGExtension.m"; sourceTree = "<group>"; };
		E8218A3C213656DA00AD89A1 /* SGNetStatusManager.h */ = {isa = PBXFileReference; fileEncoding = 4; lastKnownFileType = sourcecode.c.h; path = SGNetStatusManager.h; sourceTree = "<group>"; };
		E8218A3D213656DA00AD89A1 /* SGBaseNetTool.h */ = {isa = PBXFileReference; fileEncoding = 4; lastKnownFileType = sourcecode.c.h; path = SGBaseNetTool.h; sourceTree = "<group>"; };
		E8218A3E213656DA00AD89A1 /* SGNetTool.h */ = {isa = PBXFileReference; fileEncoding = 4; lastKnownFileType = sourcecode.c.h; path = SGNetTool.h; sourceTree = "<group>"; };
		E8218A3F213656DA00AD89A1 /* SGBaseNetTool.m */ = {isa = PBXFileReference; fileEncoding = 4; lastKnownFileType = sourcecode.c.objc; path = SGBaseNetTool.m; sourceTree = "<group>"; };
		E8218A40213656DA00AD89A1 /* SGNetStatusManager.m */ = {isa = PBXFileReference; fileEncoding = 4; lastKnownFileType = sourcecode.c.objc; path = SGNetStatusManager.m; sourceTree = "<group>"; };
		E8218A42213656DA00AD89A1 /* AFSecurityPolicy.h */ = {isa = PBXFileReference; fileEncoding = 4; lastKnownFileType = sourcecode.c.h; path = AFSecurityPolicy.h; sourceTree = "<group>"; };
		E8218A43213656DA00AD89A1 /* AFNetworkReachabilityManager.h */ = {isa = PBXFileReference; fileEncoding = 4; lastKnownFileType = sourcecode.c.h; path = AFNetworkReachabilityManager.h; sourceTree = "<group>"; };
		E8218A44213656DA00AD89A1 /* AFURLSessionManager.h */ = {isa = PBXFileReference; fileEncoding = 4; lastKnownFileType = sourcecode.c.h; path = AFURLSessionManager.h; sourceTree = "<group>"; };
		E8218A45213656DA00AD89A1 /* AFURLRequestSerialization.h */ = {isa = PBXFileReference; fileEncoding = 4; lastKnownFileType = sourcecode.c.h; path = AFURLRequestSerialization.h; sourceTree = "<group>"; };
		E8218A46213656DA00AD89A1 /* AFURLResponseSerialization.m */ = {isa = PBXFileReference; fileEncoding = 4; lastKnownFileType = sourcecode.c.objc; path = AFURLResponseSerialization.m; sourceTree = "<group>"; };
		E8218A47213656DA00AD89A1 /* AFHTTPSessionManager.m */ = {isa = PBXFileReference; fileEncoding = 4; lastKnownFileType = sourcecode.c.objc; path = AFHTTPSessionManager.m; sourceTree = "<group>"; };
		E8218A48213656DA00AD89A1 /* AFURLResponseSerialization.h */ = {isa = PBXFileReference; fileEncoding = 4; lastKnownFileType = sourcecode.c.h; path = AFURLResponseSerialization.h; sourceTree = "<group>"; };
		E8218A49213656DA00AD89A1 /* AFURLSessionManager.m */ = {isa = PBXFileReference; fileEncoding = 4; lastKnownFileType = sourcecode.c.objc; path = AFURLSessionManager.m; sourceTree = "<group>"; };
		E8218A4A213656DA00AD89A1 /* AFURLRequestSerialization.m */ = {isa = PBXFileReference; fileEncoding = 4; lastKnownFileType = sourcecode.c.objc; path = AFURLRequestSerialization.m; sourceTree = "<group>"; };
		E8218A4B213656DA00AD89A1 /* AFNetworking.h */ = {isa = PBXFileReference; fileEncoding = 4; lastKnownFileType = sourcecode.c.h; path = AFNetworking.h; sourceTree = "<group>"; };
		E8218A4C213656DA00AD89A1 /* AFNetworkReachabilityManager.m */ = {isa = PBXFileReference; fileEncoding = 4; lastKnownFileType = sourcecode.c.objc; path = AFNetworkReachabilityManager.m; sourceTree = "<group>"; };
		E8218A4D213656DA00AD89A1 /* AFSecurityPolicy.m */ = {isa = PBXFileReference; fileEncoding = 4; lastKnownFileType = sourcecode.c.objc; path = AFSecurityPolicy.m; sourceTree = "<group>"; };
		E8218A4E213656DA00AD89A1 /* AFCompatibilityMacros.h */ = {isa = PBXFileReference; fileEncoding = 4; lastKnownFileType = sourcecode.c.h; path = AFCompatibilityMacros.h; sourceTree = "<group>"; };
		E8218A4F213656DA00AD89A1 /* AFHTTPSessionManager.h */ = {isa = PBXFileReference; fileEncoding = 4; lastKnownFileType = sourcecode.c.h; path = AFHTTPSessionManager.h; sourceTree = "<group>"; };
		E8218A50213656DA00AD89A1 /* SGNetTool.m */ = {isa = PBXFileReference; fileEncoding = 4; lastKnownFileType = sourcecode.c.objc; path = SGNetTool.m; sourceTree = "<group>"; };
		E8218A5B2136660200AD89A1 /* SGDialog.m */ = {isa = PBXFileReference; fileEncoding = 4; lastKnownFileType = sourcecode.c.objc; path = SGDialog.m; sourceTree = "<group>"; };
		E8218A5D2136660200AD89A1 /* SVRadialGradientLayer.m */ = {isa = PBXFileReference; fileEncoding = 4; lastKnownFileType = sourcecode.c.objc; path = SVRadialGradientLayer.m; sourceTree = "<group>"; };
		E8218A5E2136660200AD89A1 /* SVIndefiniteAnimatedView.h */ = {isa = PBXFileReference; fileEncoding = 4; lastKnownFileType = sourcecode.c.h; path = SVIndefiniteAnimatedView.h; sourceTree = "<group>"; };
		E8218A5F2136660200AD89A1 /* SVProgressHUD.h */ = {isa = PBXFileReference; fileEncoding = 4; lastKnownFileType = sourcecode.c.h; path = SVProgressHUD.h; sourceTree = "<group>"; };
		E8218A602136660200AD89A1 /* SVProgressAnimatedView.m */ = {isa = PBXFileReference; fileEncoding = 4; lastKnownFileType = sourcecode.c.objc; path = SVProgressAnimatedView.m; sourceTree = "<group>"; };
		E8218A612136660200AD89A1 /* SVProgressHUD-Prefix.pch */ = {isa = PBXFileReference; fileEncoding = 4; lastKnownFileType = sourcecode.c.h; path = "SVProgressHUD-Prefix.pch"; sourceTree = "<group>"; };
		E8218A622136660200AD89A1 /* SVRadialGradientLayer.h */ = {isa = PBXFileReference; fileEncoding = 4; lastKnownFileType = sourcecode.c.h; path = SVRadialGradientLayer.h; sourceTree = "<group>"; };
		E8218A632136660200AD89A1 /* SVProgressHUD.m */ = {isa = PBXFileReference; fileEncoding = 4; lastKnownFileType = sourcecode.c.objc; path = SVProgressHUD.m; sourceTree = "<group>"; };
		E8218A642136660200AD89A1 /* SVIndefiniteAnimatedView.m */ = {isa = PBXFileReference; fileEncoding = 4; lastKnownFileType = sourcecode.c.objc; path = SVIndefiniteAnimatedView.m; sourceTree = "<group>"; };
		E8218A652136660200AD89A1 /* SVProgressHUD.bundle */ = {isa = PBXFileReference; lastKnownFileType = "wrapper.plug-in"; path = SVProgressHUD.bundle; sourceTree = "<group>"; };
		E8218A662136660200AD89A1 /* SVProgressAnimatedView.h */ = {isa = PBXFileReference; fileEncoding = 4; lastKnownFileType = sourcecode.c.h; path = SVProgressAnimatedView.h; sourceTree = "<group>"; };
		E8218A672136660200AD89A1 /* SGDialog.h */ = {isa = PBXFileReference; fileEncoding = 4; lastKnownFileType = sourcecode.c.h; path = SGDialog.h; sourceTree = "<group>"; };
/* End PBXFileReference section */

/* Begin PBXFrameworksBuildPhase section */
		E82189FB2136527200AD89A1 /* Frameworks */ = {
			isa = PBXFrameworksBuildPhase;
			buildActionMask = 2147483647;
			files = (
			);
			runOnlyForDeploymentPostprocessing = 0;
		};
/* End PBXFrameworksBuildPhase section */

/* Begin PBXGroup section */
		5A54E1512137C9B700BEF88C /* MJRefresh */ = {
			isa = PBXGroup;
			children = (
				5A54E1522137C9B700BEF88C /* UIScrollView+MJRefresh.m */,
				5A54E1532137C9B700BEF88C /* MJRefreshConst.m */,
				5A54E1542137C9B700BEF88C /* UIScrollView+MJExtension.h */,
				5A54E1552137C9B700BEF88C /* MJRefresh.h */,
				5A54E1562137C9B700BEF88C /* MJRefresh.bundle */,
				5A54E1572137C9B700BEF88C /* UIView+MJExtension.h */,
				5A54E1582137C9B700BEF88C /* UIScrollView+MJExtension.m */,
				5A54E1592137C9B700BEF88C /* MJRefreshConst.h */,
				5A54E15A2137C9B700BEF88C /* UIScrollView+MJRefresh.h */,
				5A54E15B2137C9B700BEF88C /* UIView+MJExtension.m */,
				5A54E15C2137C9B700BEF88C /* Custom */,
				5A54E1732137C9B700BEF88C /* Base */,
			);
			path = MJRefresh;
			sourceTree = "<group>";
		};
		5A54E15C2137C9B700BEF88C /* Custom */ = {
			isa = PBXGroup;
			children = (
				5A54E15D2137C9B700BEF88C /* Footer */,
				5A54E16C2137C9B700BEF88C /* Header */,
			);
			path = Custom;
			sourceTree = "<group>";
		};
		5A54E15D2137C9B700BEF88C /* Footer */ = {
			isa = PBXGroup;
			children = (
				5A54E15E2137C9B700BEF88C /* Back */,
				5A54E1652137C9B700BEF88C /* Auto */,
			);
			path = Footer;
			sourceTree = "<group>";
		};
		5A54E15E2137C9B700BEF88C /* Back */ = {
			isa = PBXGroup;
			children = (
				5A54E15F2137C9B700BEF88C /* MJRefreshBackGifFooter.h */,
				5A54E1602137C9B700BEF88C /* MJRefreshBackStateFooter.h */,
				5A54E1612137C9B700BEF88C /* MJRefreshBackNormalFooter.h */,
				5A54E1622137C9B700BEF88C /* MJRefreshBackGifFooter.m */,
				5A54E1632137C9B700BEF88C /* MJRefreshBackStateFooter.m */,
				5A54E1642137C9B700BEF88C /* MJRefreshBackNormalFooter.m */,
			);
			path = Back;
			sourceTree = "<group>";
		};
		5A54E1652137C9B700BEF88C /* Auto */ = {
			isa = PBXGroup;
			children = (
				5A54E1662137C9B700BEF88C /* MJRefreshAutoStateFooter.h */,
				5A54E1672137C9B700BEF88C /* MJRefreshAutoNormalFooter.h */,
				5A54E1682137C9B700BEF88C /* MJRefreshAutoGifFooter.h */,
				5A54E1692137C9B700BEF88C /* MJRefreshAutoStateFooter.m */,
				5A54E16A2137C9B700BEF88C /* MJRefreshAutoGifFooter.m */,
				5A54E16B2137C9B700BEF88C /* MJRefreshAutoNormalFooter.m */,
			);
			path = Auto;
			sourceTree = "<group>";
		};
		5A54E16C2137C9B700BEF88C /* Header */ = {
			isa = PBXGroup;
			children = (
				5A54E16D2137C9B700BEF88C /* MJRefreshNormalHeader.m */,
				5A54E16E2137C9B700BEF88C /* MJRefreshStateHeader.h */,
				5A54E16F2137C9B700BEF88C /* MJRefreshGifHeader.h */,
				5A54E1702137C9B700BEF88C /* MJRefreshNormalHeader.h */,
				5A54E1712137C9B700BEF88C /* MJRefreshStateHeader.m */,
				5A54E1722137C9B700BEF88C /* MJRefreshGifHeader.m */,
			);
			path = Header;
			sourceTree = "<group>";
		};
		5A54E1732137C9B700BEF88C /* Base */ = {
			isa = PBXGroup;
			children = (
				5A54E1742137C9B700BEF88C /* MJRefreshFooter.m */,
				5A54E1752137C9B700BEF88C /* MJRefreshComponent.h */,
				5A54E1762137C9B700BEF88C /* MJRefreshHeader.m */,
				5A54E1772137C9B700BEF88C /* MJRefreshAutoFooter.h */,
				5A54E1782137C9B700BEF88C /* MJRefreshBackFooter.m */,
				5A54E1792137C9B700BEF88C /* MJRefreshAutoFooter.m */,
				5A54E17A2137C9B700BEF88C /* MJRefreshHeader.h */,
				5A54E17B2137C9B700BEF88C /* MJRefreshComponent.m */,
				5A54E17C2137C9B700BEF88C /* MJRefreshFooter.h */,
				5A54E17D2137C9B700BEF88C /* MJRefreshBackFooter.h */,
			);
			path = Base;
			sourceTree = "<group>";
		};
		E82189F52136527200AD89A1 = {
			isa = PBXGroup;
			children = (
				E8218A002136527200AD89A1 /* SGBase */,
				E82189FF2136527200AD89A1 /* Products */,
			);
			sourceTree = "<group>";
		};
		E82189FF2136527200AD89A1 /* Products */ = {
			isa = PBXGroup;
			children = (
				E82189FE2136527200AD89A1 /* SGBase.app */,
			);
			name = Products;
			sourceTree = "<group>";
		};
		E8218A002136527200AD89A1 /* SGBase */ = {
			isa = PBXGroup;
			children = (
				E8218A5C2136660200AD89A1 /* SVProgressHUD */,
				E8218A17213652AE00AD89A1 /* SGBase */,
				E8218A012136527200AD89A1 /* AppDelegate.h */,
				E8218A022136527200AD89A1 /* AppDelegate.m */,
				E8218A042136527200AD89A1 /* ViewController.h */,
				E8218A052136527200AD89A1 /* ViewController.m */,
				E8218A072136527200AD89A1 /* Main.storyboard */,
				E8218A0A2136527400AD89A1 /* Assets.xcassets */,
				E8218A0C2136527400AD89A1 /* LaunchScreen.storyboard */,
				E8218A0F2136527400AD89A1 /* Info.plist */,
				E8218A102136527400AD89A1 /* main.m */,
			);
			path = SGBase;
			sourceTree = "<group>";
		};
		E8218A17213652AE00AD89A1 /* SGBase */ = {
			isa = PBXGroup;
			children = (
				5A54E1512137C9B700BEF88C /* MJRefresh */,
				E8218A5A2136660200AD89A1 /* SGDialog */,
				E8218A3B213656DA00AD89A1 /* SGNetTool */,
				E8218A2D213652EF00AD89A1 /* SGBase.h */,
				E8218A33213652EF00AD89A1 /* SGAppHelper.h */,
				E8218A2C213652EF00AD89A1 /* SGAppHelper.m */,
				E8218A2B213652EF00AD89A1 /* SGBaseMacro.h */,
				5AF82C86213691A300640C94 /* SGBaseTabBarController.h */,
				5AF82C87213691A300640C94 /* SGBaseTabBarController.m */,
				E8218A2E213652EF00AD89A1 /* SGBaseNavigationController.h */,
				E8218A32213652EF00AD89A1 /* SGBaseNavigationController.m */,
				5A39DE6B213D306100A2C252 /* SGBaseTableViewController.h */,
				5A39DE6C213D306100A2C252 /* SGBaseTableViewController.m */,
				E8218A2A213652EF00AD89A1 /* SGBaseViewController.h */,
				E8218A2F213652EF00AD89A1 /* SGBaseViewController.m */,
				5A54E14E2137C9A300BEF88C /* SGBaseRefresh.h */,
				5A54E14F2137C9A300BEF88C /* SGBaseRefresh.m */,
				E8218A30213652EF00AD89A1 /* UIColor+SGExtension.h */,
				E8218A34213652EF00AD89A1 /* UIColor+SGExtension.m */,
				E8218A31213652EF00AD89A1 /* UIView+SGExtension.h */,
				E8218A35213652EF00AD89A1 /* UIView+SGExtension.m */,
				5AF82C7F21368C1C00640C94 /* UITextField+SGExtension.h */,
				5AF82C8221368C1D00640C94 /* UITextField+SGExtension.m */,
				5AF82C8121368C1D00640C94 /* UITextView+SGExtension.h */,
				5AF82C8021368C1D00640C94 /* UITextView+SGExtension.m */,
				5AF82C89213695B000640C94 /* UIImage+SGExtension.h */,
				5AF82C8A213695B000640C94 /* UIImage+SGExtension.m */,
			);
			path = SGBase;
			sourceTree = "<group>";
		};
		E8218A3B213656DA00AD89A1 /* SGNetTool */ = {
			isa = PBXGroup;
			children = (
				E8218A41213656DA00AD89A1 /* AFNetworking */,
				E8218A3C213656DA00AD89A1 /* SGNetStatusManager.h */,
				E8218A3D213656DA00AD89A1 /* SGBaseNetTool.h */,
				E8218A3E213656DA00AD89A1 /* SGNetTool.h */,
				E8218A3F213656DA00AD89A1 /* SGBaseNetTool.m */,
				E8218A40213656DA00AD89A1 /* SGNetStatusManager.m */,
				E8218A50213656DA00AD89A1 /* SGNetTool.m */,
			);
			path = SGNetTool;
			sourceTree = "<group>";
		};
		E8218A41213656DA00AD89A1 /* AFNetworking */ = {
			isa = PBXGroup;
			children = (
				E8218A42213656DA00AD89A1 /* AFSecurityPolicy.h */,
				E8218A43213656DA00AD89A1 /* AFNetworkReachabilityManager.h */,
				E8218A44213656DA00AD89A1 /* AFURLSessionManager.h */,
				E8218A45213656DA00AD89A1 /* AFURLRequestSerialization.h */,
				E8218A46213656DA00AD89A1 /* AFURLResponseSerialization.m */,
				E8218A47213656DA00AD89A1 /* AFHTTPSessionManager.m */,
				E8218A48213656DA00AD89A1 /* AFURLResponseSerialization.h */,
				E8218A49213656DA00AD89A1 /* AFURLSessionManager.m */,
				E8218A4A213656DA00AD89A1 /* AFURLRequestSerialization.m */,
				E8218A4B213656DA00AD89A1 /* AFNetworking.h */,
				E8218A4C213656DA00AD89A1 /* AFNetworkReachabilityManager.m */,
				E8218A4D213656DA00AD89A1 /* AFSecurityPolicy.m */,
				E8218A4E213656DA00AD89A1 /* AFCompatibilityMacros.h */,
				E8218A4F213656DA00AD89A1 /* AFHTTPSessionManager.h */,
			);
			path = AFNetworking;
			sourceTree = "<group>";
		};
		E8218A5A2136660200AD89A1 /* SGDialog */ = {
			isa = PBXGroup;
			children = (
				E8218A672136660200AD89A1 /* SGDialog.h */,
				E8218A5B2136660200AD89A1 /* SGDialog.m */,
			);
			path = SGDialog;
			sourceTree = "<group>";
		};
		E8218A5C2136660200AD89A1 /* SVProgressHUD */ = {
			isa = PBXGroup;
			children = (
				E8218A5D2136660200AD89A1 /* SVRadialGradientLayer.m */,
				E8218A5E2136660200AD89A1 /* SVIndefiniteAnimatedView.h */,
				E8218A5F2136660200AD89A1 /* SVProgressHUD.h */,
				E8218A602136660200AD89A1 /* SVProgressAnimatedView.m */,
				E8218A612136660200AD89A1 /* SVProgressHUD-Prefix.pch */,
				E8218A622136660200AD89A1 /* SVRadialGradientLayer.h */,
				E8218A632136660200AD89A1 /* SVProgressHUD.m */,
				E8218A642136660200AD89A1 /* SVIndefiniteAnimatedView.m */,
				E8218A652136660200AD89A1 /* SVProgressHUD.bundle */,
				E8218A662136660200AD89A1 /* SVProgressAnimatedView.h */,
			);
			path = SVProgressHUD;
			sourceTree = "<group>";
		};
/* End PBXGroup section */

/* Begin PBXNativeTarget section */
		E82189FD2136527200AD89A1 /* SGBase */ = {
			isa = PBXNativeTarget;
			buildConfigurationList = E8218A142136527400AD89A1 /* Build configuration list for PBXNativeTarget "SGBase" */;
			buildPhases = (
				E82189FA2136527200AD89A1 /* Sources */,
				E82189FB2136527200AD89A1 /* Frameworks */,
				E82189FC2136527200AD89A1 /* Resources */,
			);
			buildRules = (
			);
			dependencies = (
			);
			name = SGBase;
			productName = SGBase;
			productReference = E82189FE2136527200AD89A1 /* SGBase.app */;
			productType = "com.apple.product-type.application";
		};
/* End PBXNativeTarget section */

/* Begin PBXProject section */
		E82189F62136527200AD89A1 /* Project object */ = {
			isa = PBXProject;
			attributes = {
				LastUpgradeCheck = 0940;
				ORGANIZATIONNAME = Rowling;
				TargetAttributes = {
					E82189FD2136527200AD89A1 = {
						CreatedOnToolsVersion = 9.4.1;
					};
				};
			};
			buildConfigurationList = E82189F92136527200AD89A1 /* Build configuration list for PBXProject "SGBase" */;
			compatibilityVersion = "Xcode 9.3";
			developmentRegion = en;
			hasScannedForEncodings = 0;
			knownRegions = (
				en,
				Base,
			);
			mainGroup = E82189F52136527200AD89A1;
			productRefGroup = E82189FF2136527200AD89A1 /* Products */;
			projectDirPath = "";
			projectRoot = "";
			targets = (
				E82189FD2136527200AD89A1 /* SGBase */,
			);
		};
/* End PBXProject section */

/* Begin PBXResourcesBuildPhase section */
		E82189FC2136527200AD89A1 /* Resources */ = {
			isa = PBXResourcesBuildPhase;
			buildActionMask = 2147483647;
			files = (
				E8218A0E2136527400AD89A1 /* LaunchScreen.storyboard in Resources */,
				E8218A0B2136527400AD89A1 /* Assets.xcassets in Resources */,
				E8218A092136527200AD89A1 /* Main.storyboard in Resources */,
				5A54E1802137C9B700BEF88C /* MJRefresh.bundle in Resources */,
				E8218A6D2136660200AD89A1 /* SVProgressHUD.bundle in Resources */,
			);
			runOnlyForDeploymentPostprocessing = 0;
		};
/* End PBXResourcesBuildPhase section */

/* Begin PBXSourcesBuildPhase section */
		E82189FA2136527200AD89A1 /* Sources */ = {
			isa = PBXSourcesBuildPhase;
			buildActionMask = 2147483647;
			files = (
				E8218A38213652F000AD89A1 /* SGBaseNavigationController.m in Sources */,
				E8218A062136527200AD89A1 /* ViewController.m in Sources */,
				5A54E1862137C9B700BEF88C /* MJRefreshAutoStateFooter.m in Sources */,
				E8218A3A213652F000AD89A1 /* UIView+SGExtension.m in Sources */,
				5A54E18A2137C9B700BEF88C /* MJRefreshStateHeader.m in Sources */,
				5AF82C8B213695B000640C94 /* UIImage+SGExtension.m in Sources */,
				5A54E17E2137C9B700BEF88C /* UIScrollView+MJRefresh.m in Sources */,
				E8218A682136660200AD89A1 /* SGDialog.m in Sources */,
				E8218A54213656DA00AD89A1 /* AFHTTPSessionManager.m in Sources */,
				5AF82C8321368C1E00640C94 /* UITextView+SGExtension.m in Sources */,
				5A54E18F2137C9B700BEF88C /* MJRefreshAutoFooter.m in Sources */,
				5A54E1822137C9B700BEF88C /* UIView+MJExtension.m in Sources */,
				E8218A52213656DA00AD89A1 /* SGNetStatusManager.m in Sources */,
				E8218A56213656DA00AD89A1 /* AFURLRequestSerialization.m in Sources */,
				E8218A53213656DA00AD89A1 /* AFURLResponseSerialization.m in Sources */,
				5AF82C88213691A300640C94 /* SGBaseTabBarController.m in Sources */,
				5A54E1882137C9B700BEF88C /* MJRefreshAutoNormalFooter.m in Sources */,
				E8218A57213656DA00AD89A1 /* AFNetworkReachabilityManager.m in Sources */,
				E8218A6C2136660200AD89A1 /* SVIndefiniteAnimatedView.m in Sources */,
				5A54E1832137C9B700BEF88C /* MJRefreshBackGifFooter.m in Sources */,
				5A54E1892137C9B700BEF88C /* MJRefreshNormalHeader.m in Sources */,
				5A54E18C2137C9B700BEF88C /* MJRefreshFooter.m in Sources */,
				5A39DE6D213D306100A2C252 /* SGBaseTableViewController.m in Sources */,
				5A54E18E2137C9B700BEF88C /* MJRefreshBackFooter.m in Sources */,
				E8218A112136527400AD89A1 /* main.m in Sources */,
				E8218A51213656DA00AD89A1 /* SGBaseNetTool.m in Sources */,
				5A54E1872137C9B700BEF88C /* MJRefreshAutoGifFooter.m in Sources */,
				E8218A6A2136660200AD89A1 /* SVProgressAnimatedView.m in Sources */,
				5A54E1502137C9A300BEF88C /* SGBaseRefresh.m in Sources */,
				E8218A692136660200AD89A1 /* SVRadialGradientLayer.m in Sources */,
				E8218A032136527200AD89A1 /* AppDelegate.m in Sources */,
				5A54E17F2137C9B700BEF88C /* MJRefreshConst.m in Sources */,
				5A54E18B2137C9B700BEF88C /* MJRefreshGifHeader.m in Sources */,
				5A54E1902137C9B700BEF88C /* MJRefreshComponent.m in Sources */,
				5A54E1852137C9B700BEF88C /* MJRefreshBackNormalFooter.m in Sources */,
				5A54E18D2137C9B700BEF88C /* MJRefreshHeader.m in Sources */,
				5A54E1842137C9B700BEF88C /* MJRefreshBackStateFooter.m in Sources */,
				E8218A39213652F000AD89A1 /* UIColor+SGExtension.m in Sources */,
				E8218A58213656DA00AD89A1 /* AFSecurityPolicy.m in Sources */,
				E8218A36213652F000AD89A1 /* SGAppHelper.m in Sources */,
				5A54E1812137C9B700BEF88C /* UIScrollView+MJExtension.m in Sources */,
				E8218A6B2136660200AD89A1 /* SVProgressHUD.m in Sources */,
				E8218A55213656DA00AD89A1 /* AFURLSessionManager.m in Sources */,
				5AF82C8421368C1E00640C94 /* UITextField+SGExtension.m in Sources */,
				E8218A37213652F000AD89A1 /* SGBaseViewController.m in Sources */,
				E8218A59213656DA00AD89A1 /* SGNetTool.m in Sources */,
			);
			runOnlyForDeploymentPostprocessing = 0;
		};
/* End PBXSourcesBuildPhase section */

/* Begin PBXVariantGroup section */
		E8218A072136527200AD89A1 /* Main.storyboard */ = {
			isa = PBXVariantGroup;
			children = (
				E8218A082136527200AD89A1 /* Base */,
			);
			name = Main.storyboard;
			sourceTree = "<group>";
		};
		E8218A0C2136527400AD89A1 /* LaunchScreen.storyboard */ = {
			isa = PBXVariantGroup;
			children = (
				E8218A0D2136527400AD89A1 /* Base */,
			);
			name = LaunchScreen.storyboard;
			sourceTree = "<group>";
		};
/* End PBXVariantGroup section */

/* Begin XCBuildConfiguration section */
		E8218A122136527400AD89A1 /* Debug */ = {
			isa = XCBuildConfiguration;
			buildSettings = {
				ALWAYS_SEARCH_USER_PATHS = NO;
				CLANG_ANALYZER_NONNULL = YES;
				CLANG_ANALYZER_NUMBER_OBJECT_CONVERSION = YES_AGGRESSIVE;
				CLANG_CXX_LANGUAGE_STANDARD = "gnu++14";
				CLANG_CXX_LIBRARY = "libc++";
				CLANG_ENABLE_MODULES = YES;
				CLANG_ENABLE_OBJC_ARC = YES;
				CLANG_ENABLE_OBJC_WEAK = YES;
				CLANG_WARN_BLOCK_CAPTURE_AUTORELEASING = YES;
				CLANG_WARN_BOOL_CONVERSION = YES;
				CLANG_WARN_COMMA = YES;
				CLANG_WARN_CONSTANT_CONVERSION = YES;
				CLANG_WARN_DEPRECATED_OBJC_IMPLEMENTATIONS = YES;
				CLANG_WARN_DIRECT_OBJC_ISA_USAGE = YES_ERROR;
				CLANG_WARN_DOCUMENTATION_COMMENTS = YES;
				CLANG_WARN_EMPTY_BODY = YES;
				CLANG_WARN_ENUM_CONVERSION = YES;
				CLANG_WARN_INFINITE_RECURSION = YES;
				CLANG_WARN_INT_CONVERSION = YES;
				CLANG_WARN_NON_LITERAL_NULL_CONVERSION = YES;
				CLANG_WARN_OBJC_IMPLICIT_RETAIN_SELF = YES;
				CLANG_WARN_OBJC_LITERAL_CONVERSION = YES;
				CLANG_WARN_OBJC_ROOT_CLASS = YES_ERROR;
				CLANG_WARN_RANGE_LOOP_ANALYSIS = YES;
				CLANG_WARN_STRICT_PROTOTYPES = YES;
				CLANG_WARN_SUSPICIOUS_MOVE = YES;
				CLANG_WARN_UNGUARDED_AVAILABILITY = YES_AGGRESSIVE;
				CLANG_WARN_UNREACHABLE_CODE = YES;
				CLANG_WARN__DUPLICATE_METHOD_MATCH = YES;
				CODE_SIGN_IDENTITY = "iPhone Developer";
				COPY_PHASE_STRIP = NO;
				DEBUG_INFORMATION_FORMAT = dwarf;
				ENABLE_STRICT_OBJC_MSGSEND = YES;
				ENABLE_TESTABILITY = YES;
				GCC_C_LANGUAGE_STANDARD = gnu11;
				GCC_DYNAMIC_NO_PIC = NO;
				GCC_NO_COMMON_BLOCKS = YES;
				GCC_OPTIMIZATION_LEVEL = 0;
				GCC_PREPROCESSOR_DEFINITIONS = (
					"DEBUG=1",
					"$(inherited)",
				);
				GCC_WARN_64_TO_32_BIT_CONVERSION = YES;
				GCC_WARN_ABOUT_RETURN_TYPE = YES_ERROR;
				GCC_WARN_UNDECLARED_SELECTOR = YES;
				GCC_WARN_UNINITIALIZED_AUTOS = YES_AGGRESSIVE;
				GCC_WARN_UNUSED_FUNCTION = YES;
				GCC_WARN_UNUSED_VARIABLE = YES;
				IPHONEOS_DEPLOYMENT_TARGET = 11.4;
				MTL_ENABLE_DEBUG_INFO = YES;
				ONLY_ACTIVE_ARCH = YES;
				SDKROOT = iphoneos;
			};
			name = Debug;
		};
		E8218A132136527400AD89A1 /* Release */ = {
			isa = XCBuildConfiguration;
			buildSettings = {
				ALWAYS_SEARCH_USER_PATHS = NO;
				CLANG_ANALYZER_NONNULL = YES;
				CLANG_ANALYZER_NUMBER_OBJECT_CONVERSION = YES_AGGRESSIVE;
				CLANG_CXX_LANGUAGE_STANDARD = "gnu++14";
				CLANG_CXX_LIBRARY = "libc++";
				CLANG_ENABLE_MODULES = YES;
				CLANG_ENABLE_OBJC_ARC = YES;
				CLANG_ENABLE_OBJC_WEAK = YES;
				CLANG_WARN_BLOCK_CAPTURE_AUTORELEASING = YES;
				CLANG_WARN_BOOL_CONVERSION = YES;
				CLANG_WARN_COMMA = YES;
				CLANG_WARN_CONSTANT_CONVERSION = YES;
				CLANG_WARN_DEPRECATED_OBJC_IMPLEMENTATIONS = YES;
				CLANG_WARN_DIRECT_OBJC_ISA_USAGE = YES_ERROR;
				CLANG_WARN_DOCUMENTATION_COMMENTS = YES;
				CLANG_WARN_EMPTY_BODY = YES;
				CLANG_WARN_ENUM_CONVERSION = YES;
				CLANG_WARN_INFINITE_RECURSION = YES;
				CLANG_WARN_INT_CONVERSION = YES;
				CLANG_WARN_NON_LITERAL_NULL_CONVERSION = YES;
				CLANG_WARN_OBJC_IMPLICIT_RETAIN_SELF = YES;
				CLANG_WARN_OBJC_LITERAL_CONVERSION = YES;
				CLANG_WARN_OBJC_ROOT_CLASS = YES_ERROR;
				CLANG_WARN_RANGE_LOOP_ANALYSIS = YES;
				CLANG_WARN_STRICT_PROTOTYPES = YES;
				CLANG_WARN_SUSPICIOUS_MOVE = YES;
				CLANG_WARN_UNGUARDED_AVAILABILITY = YES_AGGRESSIVE;
				CLANG_WARN_UNREACHABLE_CODE = YES;
				CLANG_WARN__DUPLICATE_METHOD_MATCH = YES;
				CODE_SIGN_IDENTITY = "iPhone Developer";
				COPY_PHASE_STRIP = NO;
				DEBUG_INFORMATION_FORMAT = "dwarf-with-dsym";
				ENABLE_NS_ASSERTIONS = NO;
				ENABLE_STRICT_OBJC_MSGSEND = YES;
				GCC_C_LANGUAGE_STANDARD = gnu11;
				GCC_NO_COMMON_BLOCKS = YES;
				GCC_WARN_64_TO_32_BIT_CONVERSION = YES;
				GCC_WARN_ABOUT_RETURN_TYPE = YES_ERROR;
				GCC_WARN_UNDECLARED_SELECTOR = YES;
				GCC_WARN_UNINITIALIZED_AUTOS = YES_AGGRESSIVE;
				GCC_WARN_UNUSED_FUNCTION = YES;
				GCC_WARN_UNUSED_VARIABLE = YES;
				IPHONEOS_DEPLOYMENT_TARGET = 11.4;
				MTL_ENABLE_DEBUG_INFO = NO;
				SDKROOT = iphoneos;
				VALIDATE_PRODUCT = YES;
			};
			name = Release;
		};
		E8218A152136527400AD89A1 /* Debug */ = {
			isa = XCBuildConfiguration;
			buildSettings = {
				ASSETCATALOG_COMPILER_APPICON_NAME = AppIcon;
				CLANG_ALLOW_NON_MODULAR_INCLUDES_IN_FRAMEWORK_MODULES = YES;
				CODE_SIGN_STYLE = Automatic;
				DEVELOPMENT_TEAM = 64S347Q3ZT;
				INFOPLIST_FILE = SGBase/Info.plist;
				IPHONEOS_DEPLOYMENT_TARGET = 8.0;
				LD_RUNPATH_SEARCH_PATHS = (
					"$(inherited)",
					"@executable_path/Frameworks",
				);
				PRODUCT_BUNDLE_IDENTIFIER = com.catch.xm.SGBase;
				PRODUCT_NAME = "$(TARGET_NAME)";
				TARGETED_DEVICE_FAMILY = 1;
			};
			name = Debug;
		};
		E8218A162136527400AD89A1 /* Release */ = {
			isa = XCBuildConfiguration;
			buildSettings = {
				ASSETCATALOG_COMPILER_APPICON_NAME = AppIcon;
				CLANG_ALLOW_NON_MODULAR_INCLUDES_IN_FRAMEWORK_MODULES = YES;
				CODE_SIGN_STYLE = Automatic;
				DEVELOPMENT_TEAM = 64S347Q3ZT;
				INFOPLIST_FILE = SGBase/Info.plist;
				IPHONEOS_DEPLOYMENT_TARGET = 8.0;
				LD_RUNPATH_SEARCH_PATHS = (
					"$(inherited)",
					"@executable_path/Frameworks",
				);
				PRODUCT_BUNDLE_IDENTIFIER = com.catch.xm.SGBase;
				PRODUCT_NAME = "$(TARGET_NAME)";
				TARGETED_DEVICE_FAMILY = 1;
			};
			name = Release;
		};
/* End XCBuildConfiguration section */

/* Begin XCConfigurationList section */
		E82189F92136527200AD89A1 /* Build configuration list for PBXProject "SGBase" */ = {
			isa = XCConfigurationList;
			buildConfigurations = (
				E8218A122136527400AD89A1 /* Debug */,
				E8218A132136527400AD89A1 /* Release */,
			);
			defaultConfigurationIsVisible = 0;
			defaultConfigurationName = Release;
		};
		E8218A142136527400AD89A1 /* Build configuration list for PBXNativeTarget "SGBase" */ = {
			isa = XCConfigurationList;
			buildConfigurations = (
				E8218A152136527400AD89A1 /* Debug */,
				E8218A162136527400AD89A1 /* Release */,
			);
			defaultConfigurationIsVisible = 0;
			defaultConfigurationName = Release;
		};
/* End XCConfigurationList section */
	};
	rootObject = E82189F62136527200AD89A1 /* Project object */;
}
